// !$*UTF8*$!
{
	archiveVersion = 1;
	classes = {
	};
	objectVersion = 48;
	objects = {

/* Begin PBXBuildFile section */
		CF3472142059742E00D68AC5 /* AppDelegate.swift in Sources */ = {isa = PBXBuildFile; fileRef = CF3472132059742E00D68AC5 /* AppDelegate.swift */; };
		CF3472162059742E00D68AC5 /* ViewController.swift in Sources */ = {isa = PBXBuildFile; fileRef = CF3472152059742E00D68AC5 /* ViewController.swift */; };
		CF3472192059742E00D68AC5 /* Main.storyboard in Resources */ = {isa = PBXBuildFile; fileRef = CF3472172059742E00D68AC5 /* Main.storyboard */; };
		CF34721B2059742E00D68AC5 /* Assets.xcassets in Resources */ = {isa = PBXBuildFile; fileRef = CF34721A2059742E00D68AC5 /* Assets.xcassets */; };
		CF34721E2059742E00D68AC5 /* LaunchScreen.storyboard in Resources */ = {isa = PBXBuildFile; fileRef = CF34721C2059742E00D68AC5 /* LaunchScreen.storyboard */; };
		CF3472292059742E00D68AC5 /* MarsRoverTests.swift in Sources */ = {isa = PBXBuildFile; fileRef = CF3472282059742E00D68AC5 /* MarsRoverTests.swift */; };
		CF3472342059742E00D68AC5 /* MarsRoverUITests.swift in Sources */ = {isa = PBXBuildFile; fileRef = CF3472332059742E00D68AC5 /* MarsRoverUITests.swift */; };
		CFCB81BB20597A9B00CEB1CE /* Rover.swift in Sources */ = {isa = PBXBuildFile; fileRef = CFCB81BA20597A9B00CEB1CE /* Rover.swift */; };
/* End PBXBuildFile section */

/* Begin PBXContainerItemProxy section */
		CF3472252059742E00D68AC5 /* PBXContainerItemProxy */ = {
			isa = PBXContainerItemProxy;
			containerPortal = CF3472082059742E00D68AC5 /* Project object */;
			proxyType = 1;
			remoteGlobalIDString = CF34720F2059742E00D68AC5;
			remoteInfo = MarsRover;
		};
		CF3472302059742E00D68AC5 /* PBXContainerItemProxy */ = {
			isa = PBXContainerItemProxy;
			containerPortal = CF3472082059742E00D68AC5 /* Project object */;
			proxyType = 1;
			remoteGlobalIDString = CF34720F2059742E00D68AC5;
			remoteInfo = MarsRover;
		};
/* End PBXContainerItemProxy section */

/* Begin PBXFileReference section */
		CF3472102059742E00D68AC5 /* MarsRover.app */ = {isa = PBXFileReference; explicitFileType = wrapper.application; includeInIndex = 0; path = MarsRover.app; sourceTree = BUILT_PRODUCTS_DIR; };
		CF3472132059742E00D68AC5 /* AppDelegate.swift */ = {isa = PBXFileReference; lastKnownFileType = sourcecode.swift; path = AppDelegate.swift; sourceTree = "<group>"; };
		CF3472152059742E00D68AC5 /* ViewController.swift */ = {isa = PBXFileReference; lastKnownFileType = sourcecode.swift; path = ViewController.swift; sourceTree = "<group>"; };
		CF3472182059742E00D68AC5 /* Base */ = {isa = PBXFileReference; lastKnownFileType = file.storyboard; name = Base; path = Base.lproj/Main.storyboard; sourceTree = "<group>"; };
		CF34721A2059742E00D68AC5 /* Assets.xcassets */ = {isa = PBXFileReference; lastKnownFileType = folder.assetcatalog; path = Assets.xcassets; sourceTree = "<group>"; };
		CF34721D2059742E00D68AC5 /* Base */ = {isa = PBXFileReference; lastKnownFileType = file.storyboard; name = Base; path = Base.lproj/LaunchScreen.storyboard; sourceTree = "<group>"; };
		CF34721F2059742E00D68AC5 /* Info.plist */ = {isa = PBXFileReference; lastKnownFileType = text.plist.xml; path = Info.plist; sourceTree = "<group>"; };
		CF3472242059742E00D68AC5 /* MarsRoverTests.xctest */ = {isa = PBXFileReference; explicitFileType = wrapper.cfbundle; includeInIndex = 0; path = MarsRoverTests.xctest; sourceTree = BUILT_PRODUCTS_DIR; };
		CF3472282059742E00D68AC5 /* MarsRoverTests.swift */ = {isa = PBXFileReference; lastKnownFileType = sourcecode.swift; path = MarsRoverTests.swift; sourceTree = "<group>"; };
		CF34722A2059742E00D68AC5 /* Info.plist */ = {isa = PBXFileReference; lastKnownFileType = text.plist.xml; path = Info.plist; sourceTree = "<group>"; };
		CF34722F2059742E00D68AC5 /* MarsRoverUITests.xctest */ = {isa = PBXFileReference; explicitFileType = wrapper.cfbundle; includeInIndex = 0; path = MarsRoverUITests.xctest; sourceTree = BUILT_PRODUCTS_DIR; };
		CF3472332059742E00D68AC5 /* MarsRoverUITests.swift */ = {isa = PBXFileReference; lastKnownFileType = sourcecode.swift; path = MarsRoverUITests.swift; sourceTree = "<group>"; };
		CF3472352059742E00D68AC5 /* Info.plist */ = {isa = PBXFileReference; lastKnownFileType = text.plist.xml; path = Info.plist; sourceTree = "<group>"; };
		CFCB81BA20597A9B00CEB1CE /* Rover.swift */ = {isa = PBXFileReference; lastKnownFileType = sourcecode.swift; path = Rover.swift; sourceTree = "<group>"; };
/* End PBXFileReference section */

/* Begin PBXFrameworksBuildPhase section */
		CF34720D2059742E00D68AC5 /* Frameworks */ = {
			isa = PBXFrameworksBuildPhase;
			buildActionMask = 2147483647;
			files = (
			);
			runOnlyForDeploymentPostprocessing = 0;
		};
		CF3472212059742E00D68AC5 /* Frameworks */ = {
			isa = PBXFrameworksBuildPhase;
			buildActionMask = 2147483647;
			files = (
			);
			runOnlyForDeploymentPostprocessing = 0;
		};
		CF34722C2059742E00D68AC5 /* Frameworks */ = {
			isa = PBXFrameworksBuildPhase;
			buildActionMask = 2147483647;
			files = (
			);
			runOnlyForDeploymentPostprocessing = 0;
		};
/* End PBXFrameworksBuildPhase section */

/* Begin PBXGroup section */
		CF3472072059742E00D68AC5 = {
			isa = PBXGroup;
			children = (
				CF3472122059742E00D68AC5 /* MarsRover */,
				CF3472272059742E00D68AC5 /* MarsRoverTests */,
				CF3472322059742E00D68AC5 /* MarsRoverUITests */,
				CF3472112059742E00D68AC5 /* Products */,
			);
			sourceTree = "<group>";
		};
		CF3472112059742E00D68AC5 /* Products */ = {
			isa = PBXGroup;
			children = (
				CF3472102059742E00D68AC5 /* MarsRover.app */,
				CF3472242059742E00D68AC5 /* MarsRoverTests.xctest */,
				CF34722F2059742E00D68AC5 /* MarsRoverUITests.xctest */,
			);
			name = Products;
			sourceTree = "<group>";
		};
		CF3472122059742E00D68AC5 /* MarsRover */ = {
			isa = PBXGroup;
			children = (
				CF3472412059745C00D68AC5 /* Model */,
				CF3472132059742E00D68AC5 /* AppDelegate.swift */,
				CF3472152059742E00D68AC5 /* ViewController.swift */,
				CF3472172059742E00D68AC5 /* Main.storyboard */,
				CF34721A2059742E00D68AC5 /* Assets.xcassets */,
				CF34721C2059742E00D68AC5 /* LaunchScreen.storyboard */,
				CF34721F2059742E00D68AC5 /* Info.plist */,
			);
			path = MarsRover;
			sourceTree = "<group>";
		};
		CF3472272059742E00D68AC5 /* MarsRoverTests */ = {
			isa = PBXGroup;
			children = (
				CF3472282059742E00D68AC5 /* MarsRoverTests.swift */,
				CF34722A2059742E00D68AC5 /* Info.plist */,
			);
			path = MarsRoverTests;
			sourceTree = "<group>";
		};
		CF3472322059742E00D68AC5 /* MarsRoverUITests */ = {
			isa = PBXGroup;
			children = (
				CF3472332059742E00D68AC5 /* MarsRoverUITests.swift */,
				CF3472352059742E00D68AC5 /* Info.plist */,
			);
			path = MarsRoverUITests;
			sourceTree = "<group>";
		};
		CF3472412059745C00D68AC5 /* Model */ = {
			isa = PBXGroup;
			children = (
				CFCB81BA20597A9B00CEB1CE /* Rover.swift */,
			);
			path = Model;
			sourceTree = "<group>";
		};
/* End PBXGroup section */

/* Begin PBXNativeTarget section */
		CF34720F2059742E00D68AC5 /* MarsRover */ = {
			isa = PBXNativeTarget;
			buildConfigurationList = CF3472382059742E00D68AC5 /* Build configuration list for PBXNativeTarget "MarsRover" */;
			buildPhases = (
				CF34720C2059742E00D68AC5 /* Sources */,
				CF34720D2059742E00D68AC5 /* Frameworks */,
				CF34720E2059742E00D68AC5 /* Resources */,
			);
			buildRules = (
			);
			dependencies = (
			);
			name = MarsRover;
			productName = MarsRover;
			productReference = CF3472102059742E00D68AC5 /* MarsRover.app */;
			productType = "com.apple.product-type.application";
		};
		CF3472232059742E00D68AC5 /* MarsRoverTests */ = {
			isa = PBXNativeTarget;
			buildConfigurationList = CF34723B2059742E00D68AC5 /* Build configuration list for PBXNativeTarget "MarsRoverTests" */;
			buildPhases = (
				CF3472202059742E00D68AC5 /* Sources */,
				CF3472212059742E00D68AC5 /* Frameworks */,
				CF3472222059742E00D68AC5 /* Resources */,
			);
			buildRules = (
			);
			dependencies = (
				CF3472262059742E00D68AC5 /* PBXTargetDependency */,
			);
			name = MarsRoverTests;
			productName = MarsRoverTests;
			productReference = CF3472242059742E00D68AC5 /* MarsRoverTests.xctest */;
			productType = "com.apple.product-type.bundle.unit-test";
		};
		CF34722E2059742E00D68AC5 /* MarsRoverUITests */ = {
			isa = PBXNativeTarget;
			buildConfigurationList = CF34723E2059742E00D68AC5 /* Build configuration list for PBXNativeTarget "MarsRoverUITests" */;
			buildPhases = (
				CF34722B2059742E00D68AC5 /* Sources */,
				CF34722C2059742E00D68AC5 /* Frameworks */,
				CF34722D2059742E00D68AC5 /* Resources */,
			);
			buildRules = (
			);
			dependencies = (
				CF3472312059742E00D68AC5 /* PBXTargetDependency */,
			);
			name = MarsRoverUITests;
			productName = MarsRoverUITests;
			productReference = CF34722F2059742E00D68AC5 /* MarsRoverUITests.xctest */;
			productType = "com.apple.product-type.bundle.ui-testing";
		};
/* End PBXNativeTarget section */

/* Begin PBXProject section */
		CF3472082059742E00D68AC5 /* Project object */ = {
			isa = PBXProject;
			attributes = {
				LastSwiftUpdateCheck = 0920;
				LastUpgradeCheck = 0920;
				ORGANIZATIONNAME = "Canonical Examples";
				TargetAttributes = {
					CF34720F2059742E00D68AC5 = {
						CreatedOnToolsVersion = 9.2;
						ProvisioningStyle = Automatic;
					};
					CF3472232059742E00D68AC5 = {
						CreatedOnToolsVersion = 9.2;
						ProvisioningStyle = Automatic;
						TestTargetID = CF34720F2059742E00D68AC5;
					};
					CF34722E2059742E00D68AC5 = {
						CreatedOnToolsVersion = 9.2;
						ProvisioningStyle = Automatic;
						TestTargetID = CF34720F2059742E00D68AC5;
					};
				};
			};
			buildConfigurationList = CF34720B2059742E00D68AC5 /* Build configuration list for PBXProject "MarsRover" */;
			compatibilityVersion = "Xcode 8.0";
			developmentRegion = en;
			hasScannedForEncodings = 0;
			knownRegions = (
				en,
				Base,
			);
			mainGroup = CF3472072059742E00D68AC5;
			productRefGroup = CF3472112059742E00D68AC5 /* Products */;
			projectDirPath = "";
			projectRoot = "";
			targets = (
				CF34720F2059742E00D68AC5 /* MarsRover */,
				CF3472232059742E00D68AC5 /* MarsRoverTests */,
				CF34722E2059742E00D68AC5 /* MarsRoverUITests */,
			);
		};
/* End PBXProject section */

/* Begin PBXResourcesBuildPhase section */
		CF34720E2059742E00D68AC5 /* Resources */ = {
			isa = PBXResourcesBuildPhase;
			buildActionMask = 2147483647;
			files = (
				CF34721E2059742E00D68AC5 /* LaunchScreen.storyboard in Resources */,
				CF34721B2059742E00D68AC5 /* Assets.xcassets in Resources */,
				CF3472192059742E00D68AC5 /* Main.storyboard in Resources */,
			);
			runOnlyForDeploymentPostprocessing = 0;
		};
		CF3472222059742E00D68AC5 /* Resources */ = {
			isa = PBXResourcesBuildPhase;
			buildActionMask = 2147483647;
			files = (
			);
			runOnlyForDeploymentPostprocessing = 0;
		};
		CF34722D2059742E00D68AC5 /* Resources */ = {
			isa = PBXResourcesBuildPhase;
			buildActionMask = 2147483647;
			files = (
			);
			runOnlyForDeploymentPostprocessing = 0;
		};
/* End PBXResourcesBuildPhase section */

/* Begin PBXSourcesBuildPhase section */
		CF34720C2059742E00D68AC5 /* Sources */ = {
			isa = PBXSourcesBuildPhase;
			buildActionMask = 2147483647;
			files = (
				CF3472162059742E00D68AC5 /* ViewController.swift in Sources */,
				CFCB81BB20597A9B00CEB1CE /* Rover.swift in Sources */,
				CF3472142059742E00D68AC5 /* AppDelegate.swift in Sources */,
			);
			runOnlyForDeploymentPostprocessing = 0;
		};
		CF3472202059742E00D68AC5 /* Sources */ = {
			isa = PBXSourcesBuildPhase;
			buildActionMask = 2147483647;
			files = (
				CF3472292059742E00D68AC5 /* MarsRoverTests.swift in Sources */,
			);
			runOnlyForDeploymentPostprocessing = 0;
		};
		CF34722B2059742E00D68AC5 /* Sources */ = {
			isa = PBXSourcesBuildPhase;
			buildActionMask = 2147483647;
			files = (
				CF3472342059742E00D68AC5 /* MarsRoverUITests.swift in Sources */,
			);
			runOnlyForDeploymentPostprocessing = 0;
		};
/* End PBXSourcesBuildPhase section */

/* Begin PBXTargetDependency section */
		CF3472262059742E00D68AC5 /* PBXTargetDependency */ = {
			isa = PBXTargetDependency;
			target = CF34720F2059742E00D68AC5 /* MarsRover */;
			targetProxy = CF3472252059742E00D68AC5 /* PBXContainerItemProxy */;
		};
		CF3472312059742E00D68AC5 /* PBXTargetDependency */ = {
			isa = PBXTargetDependency;
			target = CF34720F2059742E00D68AC5 /* MarsRover */;
			targetProxy = CF3472302059742E00D68AC5 /* PBXContainerItemProxy */;
		};
/* End PBXTargetDependency section */

/* Begin PBXVariantGroup section */
		CF3472172059742E00D68AC5 /* Main.storyboard */ = {
			isa = PBXVariantGroup;
			children = (
				CF3472182059742E00D68AC5 /* Base */,
			);
			name = Main.storyboard;
			sourceTree = "<group>";
		};
		CF34721C2059742E00D68AC5 /* LaunchScreen.storyboard */ = {
			isa = PBXVariantGroup;
			children = (
				CF34721D2059742E00D68AC5 /* Base */,
			);
			name = LaunchScreen.storyboard;
			sourceTree = "<group>";
		};
/* End PBXVariantGroup section */

/* Begin XCBuildConfiguration section */
		CF3472362059742E00D68AC5 /* Debug */ = {
			isa = XCBuildConfiguration;
			buildSettings = {
				ALWAYS_SEARCH_USER_PATHS = NO;
				CLANG_ANALYZER_NONNULL = YES;
				CLANG_ANALYZER_NUMBER_OBJECT_CONVERSION = YES_AGGRESSIVE;
				CLANG_CXX_LANGUAGE_STANDARD = "gnu++14";
				CLANG_CXX_LIBRARY = "libc++";
				CLANG_ENABLE_MODULES = YES;
				CLANG_ENABLE_OBJC_ARC = YES;
				CLANG_WARN_BLOCK_CAPTURE_AUTORELEASING = YES;
				CLANG_WARN_BOOL_CONVERSION = YES;
				CLANG_WARN_COMMA = YES;
				CLANG_WARN_CONSTANT_CONVERSION = YES;
				CLANG_WARN_DIRECT_OBJC_ISA_USAGE = YES_ERROR;
				CLANG_WARN_DOCUMENTATION_COMMENTS = YES;
				CLANG_WARN_EMPTY_BODY = YES;
				CLANG_WARN_ENUM_CONVERSION = YES;
				CLANG_WARN_INFINITE_RECURSION = YES;
				CLANG_WARN_INT_CONVERSION = YES;
				CLANG_WARN_NON_LITERAL_NULL_CONVERSION = YES;
				CLANG_WARN_OBJC_LITERAL_CONVERSION = YES;
				CLANG_WARN_OBJC_ROOT_CLASS = YES_ERROR;
				CLANG_WARN_RANGE_LOOP_ANALYSIS = YES;
				CLANG_WARN_STRICT_PROTOTYPES = YES;
				CLANG_WARN_SUSPICIOUS_MOVE = YES;
				CLANG_WARN_UNGUARDED_AVAILABILITY = YES_AGGRESSIVE;
				CLANG_WARN_UNREACHABLE_CODE = YES;
				CLANG_WARN__DUPLICATE_METHOD_MATCH = YES;
				CODE_SIGN_IDENTITY = "iPhone Developer";
				COPY_PHASE_STRIP = NO;
				DEBUG_INFORMATION_FORMAT = dwarf;
				ENABLE_STRICT_OBJC_MSGSEND = YES;
				ENABLE_TESTABILITY = YES;
				GCC_C_LANGUAGE_STANDARD = gnu11;
				GCC_DYNAMIC_NO_PIC = NO;
				GCC_NO_COMMON_BLOCKS = YES;
				GCC_OPTIMIZATION_LEVEL = 0;
				GCC_PREPROCESSOR_DEFINITIONS = (
					"DEBUG=1",
					"$(inherited)",
				);
				GCC_WARN_64_TO_32_BIT_CONVERSION = YES;
				GCC_WARN_ABOUT_RETURN_TYPE = YES_ERROR;
				GCC_WARN_UNDECLARED_SELECTOR = YES;
				GCC_WARN_UNINITIALIZED_AUTOS = YES_AGGRESSIVE;
				GCC_WARN_UNUSED_FUNCTION = YES;
				GCC_WARN_UNUSED_VARIABLE = YES;
				IPHONEOS_DEPLOYMENT_TARGET = 11.2;
				MTL_ENABLE_DEBUG_INFO = YES;
				ONLY_ACTIVE_ARCH = YES;
				SDKROOT = iphoneos;
				SWIFT_ACTIVE_COMPILATION_CONDITIONS = DEBUG;
				SWIFT_OPTIMIZATION_LEVEL = "-Onone";
			};
			name = Debug;
		};
		CF3472372059742E00D68AC5 /* Release */ = {
			isa = XCBuildConfiguration;
			buildSettings = {
				ALWAYS_SEARCH_USER_PATHS = NO;
				CLANG_ANALYZER_NONNULL = YES;
				CLANG_ANALYZER_NUMBER_OBJECT_CONVERSION = YES_AGGRESSIVE;
				CLANG_CXX_LANGUAGE_STANDARD = "gnu++14";
				CLANG_CXX_LIBRARY = "libc++";
				CLANG_ENABLE_MODULES = YES;
				CLANG_ENABLE_OBJC_ARC = YES;
				CLANG_WARN_BLOCK_CAPTURE_AUTORELEASING = YES;
				CLANG_WARN_BOOL_CONVERSION = YES;
				CLANG_WARN_COMMA = YES;
				CLANG_WARN_CONSTANT_CONVERSION = YES;
				CLANG_WARN_DIRECT_OBJC_ISA_USAGE = YES_ERROR;
				CLANG_WARN_DOCUMENTATION_COMMENTS = YES;
				CLANG_WARN_EMPTY_BODY = YES;
				CLANG_WARN_ENUM_CONVERSION = YES;
				CLANG_WARN_INFINITE_RECURSION = YES;
				CLANG_WARN_INT_CONVERSION = YES;
				CLANG_WARN_NON_LITERAL_NULL_CONVERSION = YES;
				CLANG_WARN_OBJC_LITERAL_CONVERSION = YES;
				CLANG_WARN_OBJC_ROOT_CLASS = YES_ERROR;
				CLANG_WARN_RANGE_LOOP_ANALYSIS = YES;
				CLANG_WARN_STRICT_PROTOTYPES = YES;
				CLANG_WARN_SUSPICIOUS_MOVE = YES;
				CLANG_WARN_UNGUARDED_AVAILABILITY = YES_AGGRESSIVE;
				CLANG_WARN_UNREACHABLE_CODE = YES;
				CLANG_WARN__DUPLICATE_METHOD_MATCH = YES;
				CODE_SIGN_IDENTITY = "iPhone Developer";
				COPY_PHASE_STRIP = NO;
				DEBUG_INFORMATION_FORMAT = "dwarf-with-dsym";
				ENABLE_NS_ASSERTIONS = NO;
				ENABLE_STRICT_OBJC_MSGSEND = YES;
				GCC_C_LANGUAGE_STANDARD = gnu11;
				GCC_NO_COMMON_BLOCKS = YES;
				GCC_WARN_64_TO_32_BIT_CONVERSION = YES;
				GCC_WARN_ABOUT_RETURN_TYPE = YES_ERROR;
				GCC_WARN_UNDECLARED_SELECTOR = YES;
				GCC_WARN_UNINITIALIZED_AUTOS = YES_AGGRESSIVE;
				GCC_WARN_UNUSED_FUNCTION = YES;
				GCC_WARN_UNUSED_VARIABLE = YES;
				IPHONEOS_DEPLOYMENT_TARGET = 11.2;
				MTL_ENABLE_DEBUG_INFO = NO;
				SDKROOT = iphoneos;
				SWIFT_OPTIMIZATION_LEVEL = "-Owholemodule";
				VALIDATE_PRODUCT = YES;
			};
			name = Release;
		};
		CF3472392059742E00D68AC5 /* Debug */ = {
			isa = XCBuildConfiguration;
			buildSettings = {
				ASSETCATALOG_COMPILER_APPICON_NAME = AppIcon;
				CODE_SIGN_STYLE = Automatic;
				DEVELOPMENT_TEAM = 324YCFLY7B;
				INFOPLIST_FILE = MarsRover/Info.plist;
				LD_RUNPATH_SEARCH_PATHS = "$(inherited) @executable_path/Frameworks";
				PRODUCT_BUNDLE_IDENTIFIER = com.canonicalexamples.MarsRover;
				PRODUCT_NAME = "$(TARGET_NAME)";
				SWIFT_VERSION = 4.0;
				TARGETED_DEVICE_FAMILY = "1,2";
			};
			name = Debug;
		};
		CF34723A2059742E00D68AC5 /* Release */ = {
			isa = XCBuildConfiguration;
			buildSettings = {
				ASSETCATALOG_COMPILER_APPICON_NAME = AppIcon;
				CODE_SIGN_STYLE = Automatic;
				DEVELOPMENT_TEAM = 324YCFLY7B;
				INFOPLIST_FILE = MarsRover/Info.plist;
				LD_RUNPATH_SEARCH_PATHS = "$(inherited) @executable_path/Frameworks";
				PRODUCT_BUNDLE_IDENTIFIER = com.canonicalexamples.MarsRover;
				PRODUCT_NAME = "$(TARGET_NAME)";
				SWIFT_VERSION = 4.0;
				TARGETED_DEVICE_FAMILY = "1,2";
			};
			name = Release;
		};
		CF34723C2059742E00D68AC5 /* Debug */ = {
			isa = XCBuildConfiguration;
			buildSettings = {
				ALWAYS_EMBED_SWIFT_STANDARD_LIBRARIES = YES;
				BUNDLE_LOADER = "$(TEST_HOST)";
				CODE_SIGN_STYLE = Automatic;
				DEVELOPMENT_TEAM = 324YCFLY7B;
				INFOPLIST_FILE = MarsRoverTests/Info.plist;
				LD_RUNPATH_SEARCH_PATHS = "$(inherited) @executable_path/Frameworks @loader_path/Frameworks";
				PRODUCT_BUNDLE_IDENTIFIER = com.canonicalexamples.MarsRoverTests;
				PRODUCT_NAME = "$(TARGET_NAME)";
				SWIFT_VERSION = 4.0;
				TARGETED_DEVICE_FAMILY = "1,2";
				TEST_HOST = "$(BUILT_PRODUCTS_DIR)/MarsRover.app/MarsRover";
			};
			name = Debug;
		};
		CF34723D2059742E00D68AC5 /* Release */ = {
			isa = XCBuildConfiguration;
			buildSettings = {
				ALWAYS_EMBED_SWIFT_STANDARD_LIBRARIES = YES;
				BUNDLE_LOADER = "$(TEST_HOST)";
				CODE_SIGN_STYLE = Automatic;
				DEVELOPMENT_TEAM = 324YCFLY7B;
				INFOPLIST_FILE = MarsRoverTests/Info.plist;
				LD_RUNPATH_SEARCH_PATHS = "$(inherited) @executable_path/Frameworks @loader_path/Frameworks";
				PRODUCT_BUNDLE_IDENTIFIER = com.canonicalexamples.MarsRoverTests;
				PRODUCT_NAME = "$(TARGET_NAME)";
				SWIFT_VERSION = 4.0;
				TARGETED_DEVICE_FAMILY = "1,2";
				TEST_HOST = "$(BUILT_PRODUCTS_DIR)/MarsRover.app/MarsRover";
			};
			name = Release;
		};
		CF34723F2059742E00D68AC5 /* Debug */ = {
			isa = XCBuildConfiguration;
			buildSettings = {
				ALWAYS_EMBED_SWIFT_STANDARD_LIBRARIES = YES;
				CODE_SIGN_STYLE = Automatic;
				DEVELOPMENT_TEAM = 324YCFLY7B;
				INFOPLIST_FILE = MarsRoverUITests/Info.plist;
				LD_RUNPATH_SEARCH_PATHS = "$(inherited) @executable_path/Frameworks @loader_path/Frameworks";
				PRODUCT_BUNDLE_IDENTIFIER = com.canonicalexamples.MarsRoverUITests;
				PRODUCT_NAME = "$(TARGET_NAME)";
				SWIFT_VERSION = 4.0;
				TARGETED_DEVICE_FAMILY = "1,2";
				TEST_TARGET_NAME = MarsRover;
			};
			name = Debug;
		};
		CF3472402059742E00D68AC5 /* Release */ = {
			isa = XCBuildConfiguration;
			buildSettings = {
				ALWAYS_EMBED_SWIFT_STANDARD_LIBRARIES = YES;
				CODE_SIGN_STYLE = Automatic;
				DEVELOPMENT_TEAM = 324YCFLY7B;
				INFOPLIST_FILE = MarsRoverUITests/Info.plist;
				LD_RUNPATH_SEARCH_PATHS = "$(inherited) @executable_path/Frameworks @loader_path/Frameworks";
				PRODUCT_BUNDLE_IDENTIFIER = com.canonicalexamples.MarsRoverUITests;
				PRODUCT_NAME = "$(TARGET_NAME)";
				SWIFT_VERSION = 4.0;
				TARGETED_DEVICE_FAMILY = "1,2";
				TEST_TARGET_NAME = MarsRover;
			};
			name = Release;
		};
/* End XCBuildConfiguration section */

/* Begin XCConfigurationList section */
		CF34720B2059742E00D68AC5 /* Build configuration list for PBXProject "MarsRover" */ = {
			isa = XCConfigurationList;
			buildConfigurations = (
				CF3472362059742E00D68AC5 /* Debug */,
				CF3472372059742E00D68AC5 /* Release */,
			);
			defaultConfigurationIsVisible = 0;
			defaultConfigurationName = Release;
		};
		CF3472382059742E00D68AC5 /* Build configuration list for PBXNativeTarget "MarsRover" */ = {
			isa = XCConfigurationList;
			buildConfigurations = (
				CF3472392059742E00D68AC5 /* Debug */,
				CF34723A2059742E00D68AC5 /* Release */,
			);
			defaultConfigurationIsVisible = 0;
			defaultConfigurationName = Release;
		};
		CF34723B2059742E00D68AC5 /* Build configuration list for PBXNativeTarget "MarsRoverTests" */ = {
			isa = XCConfigurationList;
			buildConfigurations = (
				CF34723C2059742E00D68AC5 /* Debug */,
				CF34723D2059742E00D68AC5 /* Release */,
			);
			defaultConfigurationIsVisible = 0;
			defaultConfigurationName = Release;
		};
		CF34723E2059742E00D68AC5 /* Build configuration list for PBXNativeTarget "MarsRoverUITests" */ = {
			isa = XCConfigurationList;
			buildConfigurations = (
				CF34723F2059742E00D68AC5 /* Debug */,
				CF3472402059742E00D68AC5 /* Release */,
			);
			defaultConfigurationIsVisible = 0;
			defaultConfigurationName = Release;
		};
/* End XCConfigurationList section */
	};
	rootObject = CF3472082059742E00D68AC5 /* Project object */;
}
